
Microsoft Visual Studio Solution File, Format Version 12.00
# Visual Studio 15
Project("{FAE04EC0-301F-11D3-BF4B-00C04F79EFBC}") = "AllAssembly", "AllAssembly.csproj", "{93C2CA7D-48FF-BFFC-FD07-6311DC1F14CE}"
EndProject
Project("{FAE04EC0-301F-11D3-BF4B-00C04F79EFBC}") = "Edit", "Edit.csproj", "{06227BF9-DDCA-2484-067A-ED8ED676B47E}"
EndProject
Global
	GlobalSection(SolutionConfigurationPlatforms) = preSolution
		Debug|Any CPU = Debug|Any CPU
		Release|Any CPU = Release|Any CPU
	EndGlobalSection
	GlobalSection(ProjectConfigurationPlatforms) = postSolution
		{93C2CA7D-48FF-BFFC-FD07-6311DC1F14CE}.Debug|Any CPU.ActiveCfg = Debug|Any CPU
		{93C2CA7D-48FF-BFFC-FD07-6311DC1F14CE}.Debug|Any CPU.Build.0 = Debug|Any CPU
		{93C2CA7D-48FF-BFFC-FD07-6311DC1F14CE}.Release|Any CPU.ActiveCfg = Release|Any CPU
		{93C2CA7D-48FF-BFFC-FD07-6311DC1F14CE}.Release|Any CPU.Build.0 = Release|Any CPU
		{06227BF9-DDCA-2484-067A-ED8ED676B47E}.Debug|Any CPU.ActiveCfg = Debug|Any CPU
		{06227BF9-DDCA-2484-067A-ED8ED676B47E}.Debug|Any CPU.Build.0 = Debug|Any CPU
		{06227BF9-DDCA-2484-067A-ED8ED676B47E}.Release|Any CPU.ActiveCfg = Release|Any CPU
		{06227BF9-DDCA-2484-067A-ED8ED676B47E}.Release|Any CPU.Build.0 = Release|Any CPU
	EndGlobalSection
	GlobalSection(SolutionProperties) = preSolution
		HideSolutionNode = FALSE
	EndGlobalSection
EndGlobal
